
Microsoft Visual Studio Solution File, Format Version 12.00
# Visual Studio 15
Project("{FAE04EC0-301F-11D3-BF4B-00C04F79EFBC}") = "Assembly-CSharp", "Assembly-CSharp.csproj", "{CA4F988D-FFB9-EA88-A6DB-A04E3E73B47F}"
EndProject
Project("{FAE04EC0-301F-11D3-BF4B-00C04F79EFBC}") = "Assembly-CSharp-Editor", "Assembly-CSharp-Editor.csproj", "{14339E30-A3DA-4757-2FA3-C46811F59E66}"
EndProject
Global
	GlobalSection(SolutionConfigurationPlatforms) = preSolution
		Debug|Any CPU = Debug|Any CPU
		Release|Any CPU = Release|Any CPU
	EndGlobalSection
	GlobalSection(ProjectConfigurationPlatforms) = postSolution
		{CA4F988D-FFB9-EA88-A6DB-A04E3E73B47F}.Debug|Any CPU.ActiveCfg = Debug|Any CPU
		{CA4F988D-FFB9-EA88-A6DB-A04E3E73B47F}.Debug|Any CPU.Build.0 = Debug|Any CPU
		{CA4F988D-FFB9-EA88-A6DB-A04E3E73B47F}.Release|Any CPU.ActiveCfg = Release|Any CPU
		{CA4F988D-FFB9-EA88-A6DB-A04E3E73B47F}.Release|Any CPU.Build.0 = Release|Any CPU
		{14339E30-A3DA-4757-2FA3-C46811F59E66}.Debug|Any CPU.ActiveCfg = Debug|Any CPU
		{14339E30-A3DA-4757-2FA3-C46811F59E66}.Debug|Any CPU.Build.0 = Debug|Any CPU
		{14339E30-A3DA-4757-2FA3-C46811F59E66}.Release|Any CPU.ActiveCfg = Release|Any CPU
		{14339E30-A3DA-4757-2FA3-C46811F59E66}.Release|Any CPU.Build.0 = Release|Any CPU
	EndGlobalSection
	GlobalSection(SolutionProperties) = preSolution
		HideSolutionNode = FALSE
	EndGlobalSection
EndGlobal
